
Microsoft Visual Studio Solution File, Format Version 12.00
# Visual Studio 15
VisualStudioVersion = 15.0.26403.3
MinimumVisualStudioVersion = 10.0.40219.1
Project("{FAE04EC0-301F-11D3-BF4B-00C04F79EFBC}") = "LiskovSubstitutionPrinciple", "LiskovSubstitutionPrinciple\LiskovSubstitutionPrinciple.csproj", "{CE023F23-897A-4681-A314-6F37D316BC0D}"
EndProject
Global
	GlobalSection(SolutionConfigurationPlatforms) = preSolution
		Debug|Any CPU = Debug|Any CPU
		Release|Any CPU = Release|Any CPU
	EndGlobalSection
	GlobalSection(ProjectConfigurationPlatforms) = postSolution
		{CE023F23-897A-4681-A314-6F37D316BC0D}.Debug|Any CPU.ActiveCfg = Debug|Any CPU
		{CE023F23-897A-4681-A314-6F37D316BC0D}.Debug|Any CPU.Build.0 = Debug|Any CPU
		{CE023F23-897A-4681-A314-6F37D316BC0D}.Release|Any CPU.ActiveCfg = Release|Any CPU
		{CE023F23-897A-4681-A314-6F37D316BC0D}.Release|Any CPU.Build.0 = Release|Any CPU
	EndGlobalSection
	GlobalSection(SolutionProperties) = preSolution
		HideSolutionNode = FALSE
	EndGlobalSection
EndGlobal
